# This file is automatically @generated by Poetry 1.6.1 and should not be changed by hand.

[[package]]
name = "xlsxwriter"
version = "3.1.9"
description = "A Python module for creating Excel XLSX files."
optional = false
python-versions = ">=3.6"
files = [
    {file = "XlsxWriter-3.1.9-py3-none-any.whl", hash = "sha256:b61c1a0c786f82644936c0936ec96ee96cd3afb9440094232f7faef9b38689f0"},
    {file = "XlsxWriter-3.1.9.tar.gz", hash = "sha256:de810bf328c6a4550f4ffd6b0b34972aeb7ffcf40f3d285a0413734f9b63a929"},
]

[metadata]
lock-version = "2.0"
python-versions = "^3.10"
content-hash = "bccd7f8fcc6adcf8cc75608f6bb36e511a3438e388b8fde0e3b1163dbaa72473"
