# This file is automatically @generated by Poetry and should not be changed by hand.

[[package]]
name = "xlsxwriter"
version = "3.1.2"
description = "A Python module for creating Excel XLSX files."
category = "main"
optional = false
python-versions = ">=3.6"
files = [
    {file = "XlsxWriter-3.1.2-py3-none-any.whl", hash = "sha256:331508ff39d610ecdaf979e458840bc1eab6e6a02cfd5d08f044f0f73636236f"},
    {file = "XlsxWriter-3.1.2.tar.gz", hash = "sha256:78751099a770273f1c98b8d6643351f68f98ae8e6acf9d09d37dc6798f8cd3de"},
]

[metadata]
lock-version = "2.0"
python-versions = "^3.10"
content-hash = "bccd7f8fcc6adcf8cc75608f6bb36e511a3438e388b8fde0e3b1163dbaa72473"
